{
  "name": "whatsnew",
  "version": "1.0.0",
  "lockfileVersion": 1,
  "requires": true,
  "dependencies": {
    "@types/node": {
      "version": "12.7.8",
      "resolved": "https://artifactory.workday.com/artifactory/api/npm/npm-virtual/@types/node/-/node-12.7.8.tgz",
      "integrity": "sha1-yxv2gAI4iYvC/2/6VwLDyt01Bwg="
    },
    "http2": {
      "version": "3.3.7",
      "resolved": "https://artifactory.workday.com/artifactory/api/npm/npm-virtual/http2/-/http2-3.3.7.tgz",
      "integrity": "sha1-eDluseC80dsfSxONmXxoLiNBT7w="
    },
    "typescript": {
      "version": "3.6.3",
      "resolved": "https://artifactory.workday.com/artifactory/api/npm/npm-virtual/typescript/-/typescript-3.6.3.tgz",
      "integrity": "sha1-/qlC+rsg9+HKcWT/Ym8anz9wtNo="
    }
  }
}
