{
  "name": "whatsnew",
  "version": "1.0.0",
  "lockfileVersion": 1,
  "requires": true,
  "dependencies": {
    "@types/node": {
      "version": "12.7.8",
      "resolved": "https://artifactory.workday.com/artifactory/api/npm/npm-virtual/@types/node/-/node-12.7.8.tgz",
      "integrity": "sha1-yxv2gAI4iYvC/2/6VwLDyt01Bwg="
    },
    "abstract-logging": {
      "version": "1.0.0",
      "resolved": "https://artifactory.workday.com/artifactory/api/npm/npm-virtual/abstract-logging/-/abstract-logging-1.0.0.tgz",
      "integrity": "sha1-i33q/TEFWbwo93ck3RuzAXcnjBs="
    },
    "ajv": {
      "version": "6.10.2",
      "resolved": "https://artifactory.workday.com/artifactory/api/npm/npm-virtual/ajv/-/ajv-6.10.2.tgz",
      "integrity": "sha1-086gTWsBeyiUrWkED+yLYj60vVI=",
      "requires": {
        "fast-deep-equal": "^2.0.1",
        "fast-json-stable-stringify": "^2.0.0",
        "json-schema-traverse": "^0.4.1",
        "uri-js": "^4.2.2"
      }
    },
    "archy": {
      "version": "1.0.0",
      "resolved": "https://artifactory.workday.com/artifactory/api/npm/npm-virtual/archy/-/archy-1.0.0.tgz",
      "integrity": "sha1-+cjBN1fMHde8N5rHeyxipcKGjEA="
    },
    "avvio": {
      "version": "6.2.2",
      "resolved": "https://artifactory.workday.com/artifactory/api/npm/npm-virtual/avvio/-/avvio-6.2.2.tgz",
      "integrity": "sha1-r23tWb3jYf3tgXpoQadIFCxlmHM=",
      "requires": {
        "archy": "^1.0.0",
        "debug": "^4.0.0",
        "fastq": "^1.6.0"
      }
    },
    "debug": {
      "version": "4.1.1",
      "resolved": "https://artifactory.workday.com/artifactory/api/npm/npm-virtual/debug/-/debug-4.1.1.tgz",
      "integrity": "sha1-O3ImAlUQnGtYnO4FDx1RYTlmR5E=",
      "requires": {
        "ms": "^2.1.1"
      }
    },
    "deepmerge": {
      "version": "4.0.0",
      "resolved": "https://artifactory.workday.com/artifactory/api/npm/npm-virtual/deepmerge/-/deepmerge-4.0.0.tgz",
      "integrity": "sha1-PjEQyikgXxINfLBklgo5w9IIfAk="
    },
    "fast-decode-uri-component": {
      "version": "1.0.1",
      "resolved": "https://artifactory.workday.com/artifactory/api/npm/npm-virtual/fast-decode-uri-component/-/fast-decode-uri-component-1.0.1.tgz",
      "integrity": "sha1-Rvi2wisw/3qBNX1PWav66TggJUM="
    },
    "fast-deep-equal": {
      "version": "2.0.1",
      "resolved": "https://artifactory.workday.com/artifactory/api/npm/npm-virtual/fast-deep-equal/-/fast-deep-equal-2.0.1.tgz",
      "integrity": "sha1-ewUhjd+WZ79/Nwv3/bLLFf3Qqkk="
    },
    "fast-json-stable-stringify": {
      "version": "2.0.0",
      "resolved": "https://artifactory.workday.com/artifactory/api/npm/npm-virtual/fast-json-stable-stringify/-/fast-json-stable-stringify-2.0.0.tgz",
      "integrity": "sha1-1RQsDK7msRifh9OnYREGT4bIu/I="
    },
    "fast-json-stringify": {
      "version": "1.15.4",
      "resolved": "https://artifactory.workday.com/artifactory/api/npm/npm-virtual/fast-json-stringify/-/fast-json-stringify-1.15.4.tgz",
      "integrity": "sha1-T+18c5vO9cjNpCPAS0Y8QhyJcJ0=",
      "requires": {
        "ajv": "^6.8.1",
        "deepmerge": "^4.0.0"
      }
    },
    "fast-redact": {
      "version": "1.5.0",
      "resolved": "https://artifactory.workday.com/artifactory/api/npm/npm-virtual/fast-redact/-/fast-redact-1.5.0.tgz",
      "integrity": "sha1-MCiS9WZ1DE9e7HuDC/ybxHNIQDQ="
    },
    "fast-safe-stringify": {
      "version": "2.0.7",
      "resolved": "https://artifactory.workday.com/artifactory/api/npm/npm-virtual/fast-safe-stringify/-/fast-safe-stringify-2.0.7.tgz",
      "integrity": "sha1-EkqohYmSYfaK7bQqfAgN6dpgh0M="
    },
    "fastify": {
      "version": "2.8.0",
      "resolved": "https://artifactory.workday.com/artifactory/api/npm/npm-virtual/fastify/-/fastify-2.8.0.tgz",
      "integrity": "sha1-PFlF1O5iwFjr7KQJUhmcrjTHOP0=",
      "requires": {
        "abstract-logging": "^1.0.0",
        "ajv": "^6.10.2",
        "avvio": "^6.2.2",
        "fast-json-stringify": "^1.15.4",
        "find-my-way": "^2.0.0",
        "flatstr": "^1.0.12",
        "light-my-request": "^3.4.1",
        "middie": "^4.0.1",
        "pino": "^5.13.2",
        "proxy-addr": "^2.0.4",
        "readable-stream": "^3.1.1",
        "rfdc": "^1.1.2",
        "secure-json-parse": "^1.0.0",
        "tiny-lru": "^6.0.1"
      }
    },
    "fastq": {
      "version": "1.6.0",
      "resolved": "https://artifactory.workday.com/artifactory/api/npm/npm-virtual/fastq/-/fastq-1.6.0.tgz",
      "integrity": "sha1-Tsijj0rCXyFJJnOtt+rpz+9H0cI=",
      "requires": {
        "reusify": "^1.0.0"
      }
    },
    "find-my-way": {
      "version": "2.1.1",
      "resolved": "https://artifactory.workday.com/artifactory/api/npm/npm-virtual/find-my-way/-/find-my-way-2.1.1.tgz",
      "integrity": "sha1-315oxXXeSeXeE1vCy/We8Qz3fZA=",
      "requires": {
        "fast-decode-uri-component": "^1.0.0",
        "safe-regex2": "^2.0.0",
        "semver-store": "^0.3.0"
      }
    },
    "flatstr": {
      "version": "1.0.12",
      "resolved": "https://artifactory.workday.com/artifactory/api/npm/npm-virtual/flatstr/-/flatstr-1.0.12.tgz",
      "integrity": "sha1-wrpqCBc+27bJZA4wVbleKHzrWTE="
    },
    "forwarded": {
      "version": "0.1.2",
      "resolved": "https://artifactory.workday.com/artifactory/api/npm/npm-virtual/forwarded/-/forwarded-0.1.2.tgz",
      "integrity": "sha1-mMI9qxF1ZXuMBXPozszZGw/xjIQ="
    },
    "http2": {
      "version": "3.3.7",
      "resolved": "https://artifactory.workday.com/artifactory/api/npm/npm-virtual/http2/-/http2-3.3.7.tgz",
      "integrity": "sha1-eDluseC80dsfSxONmXxoLiNBT7w="
    },
    "inherits": {
      "version": "2.0.4",
      "resolved": "https://artifactory.workday.com/artifactory/api/npm/npm-virtual/inherits/-/inherits-2.0.4.tgz",
      "integrity": "sha1-D6LGT5MpF8NDOg3tVTY6rjdBa3w="
    },
    "ipaddr.js": {
      "version": "1.9.0",
      "resolved": "https://artifactory.workday.com/artifactory/api/npm/npm-virtual/ipaddr.js/-/ipaddr.js-1.9.0.tgz",
      "integrity": "sha1-N9905DCg5HVQ/lSi3v4w2KzZX2U="
    },
    "json-schema-traverse": {
      "version": "0.4.1",
      "resolved": "https://artifactory.workday.com/artifactory/api/npm/npm-virtual/json-schema-traverse/-/json-schema-traverse-0.4.1.tgz",
      "integrity": "sha1-afaofZUTq4u4/mO9sJecRI5oRmA="
    },
    "light-my-request": {
      "version": "3.4.1",
      "resolved": "https://artifactory.workday.com/artifactory/api/npm/npm-virtual/light-my-request/-/light-my-request-3.4.1.tgz",
      "integrity": "sha1-wwCHAF9q5kzl75LCSEsauTxxrT4=",
      "requires": {
        "ajv": "^6.8.1",
        "readable-stream": "^3.1.1"
      }
    },
    "middie": {
      "version": "4.0.1",
      "resolved": "https://artifactory.workday.com/artifactory/api/npm/npm-virtual/middie/-/middie-4.0.1.tgz",
      "integrity": "sha1-JLQzMDSSbr14Me1Ydm0FDBzmMAo=",
      "requires": {
        "path-to-regexp": "^3.0.0",
        "reusify": "^1.0.2"
      }
    },
    "ms": {
      "version": "2.1.2",
      "resolved": "https://artifactory.workday.com/artifactory/api/npm/npm-virtual/ms/-/ms-2.1.2.tgz",
      "integrity": "sha1-0J0fNXtEP0kzgqjrPM0YOHKuYAk="
    },
    "path-to-regexp": {
      "version": "3.1.0",
      "resolved": "https://artifactory.workday.com/artifactory/api/npm/npm-virtual/path-to-regexp/-/path-to-regexp-3.1.0.tgz",
      "integrity": "sha1-9FqcxNxjMa6PEx4M5P3oYH+AI2c="
    },
    "pino": {
      "version": "5.13.3",
      "resolved": "https://artifactory.workday.com/artifactory/api/npm/npm-virtual/pino/-/pino-5.13.3.tgz",
      "integrity": "sha1-Js1vabS9A9ZAivKO3c2TE2h/FD0=",
      "requires": {
        "fast-redact": "^1.4.4",
        "fast-safe-stringify": "^2.0.7",
        "flatstr": "^1.0.9",
        "pino-std-serializers": "^2.3.0",
        "quick-format-unescaped": "^3.0.2",
        "sonic-boom": "^0.7.5"
      }
    },
    "pino-std-serializers": {
      "version": "2.4.2",
      "resolved": "https://artifactory.workday.com/artifactory/api/npm/npm-virtual/pino-std-serializers/-/pino-std-serializers-2.4.2.tgz",
      "integrity": "sha1-y14+WMNYsm+Ilp1+YZrlS9/MGuE="
    },
    "proxy-addr": {
      "version": "2.0.5",
      "resolved": "https://artifactory.workday.com/artifactory/api/npm/npm-virtual/proxy-addr/-/proxy-addr-2.0.5.tgz",
      "integrity": "sha1-NMvWSi2B9LH9IedvnwbIpFKZ7jQ=",
      "requires": {
        "forwarded": "~0.1.2",
        "ipaddr.js": "1.9.0"
      }
    },
    "punycode": {
      "version": "2.1.1",
      "resolved": "https://artifactory.workday.com/artifactory/api/npm/npm-virtual/punycode/-/punycode-2.1.1.tgz",
      "integrity": "sha1-tYsBCsQMIsVldhbI0sLALHv0eew="
    },
    "quick-format-unescaped": {
      "version": "3.0.2",
      "resolved": "https://artifactory.workday.com/artifactory/api/npm/npm-virtual/quick-format-unescaped/-/quick-format-unescaped-3.0.2.tgz",
      "integrity": "sha1-ATfpTY+zf/63AEBTURHDeOdTlvs="
    },
    "readable-stream": {
      "version": "3.4.0",
      "resolved": "https://artifactory.workday.com/artifactory/api/npm/npm-virtual/readable-stream/-/readable-stream-3.4.0.tgz",
      "integrity": "sha1-pRwmdUZY4KPCHb9ZFjvUW6b0R/w=",
      "requires": {
        "inherits": "^2.0.3",
        "string_decoder": "^1.1.1",
        "util-deprecate": "^1.0.1"
      }
    },
    "ret": {
      "version": "0.2.2",
      "resolved": "https://artifactory.workday.com/artifactory/api/npm/npm-virtual/ret/-/ret-0.2.2.tgz",
      "integrity": "sha1-toYXgqH0di3OQ0Aqcet6KD9EVzw="
    },
    "reusify": {
      "version": "1.0.4",
      "resolved": "https://artifactory.workday.com/artifactory/api/npm/npm-virtual/reusify/-/reusify-1.0.4.tgz",
      "integrity": "sha1-kNo4Kx4SbvwCFG6QhFqI2xKSXXY="
    },
    "rfdc": {
      "version": "1.1.4",
      "resolved": "https://artifactory.workday.com/artifactory/api/npm/npm-virtual/rfdc/-/rfdc-1.1.4.tgz",
      "integrity": "sha1-unLME2egzNnPgahws7WL060H+MI="
    },
    "safe-buffer": {
      "version": "5.2.0",
      "resolved": "https://artifactory.workday.com/artifactory/api/npm/npm-virtual/safe-buffer/-/safe-buffer-5.2.0.tgz",
      "integrity": "sha1-t02uxJsRSPiMZLaNSbHoFcHy9Rk="
    },
    "safe-regex2": {
      "version": "2.0.0",
      "resolved": "https://artifactory.workday.com/artifactory/api/npm/npm-virtual/safe-regex2/-/safe-regex2-2.0.0.tgz",
      "integrity": "sha1-sodSTDl8eimURwNn4BheGRax9bk=",
      "requires": {
        "ret": "~0.2.0"
      }
    },
    "secure-json-parse": {
      "version": "1.0.0",
      "resolved": "https://artifactory.workday.com/artifactory/api/npm/npm-virtual/secure-json-parse/-/secure-json-parse-1.0.0.tgz",
      "integrity": "sha1-+jLGd4Fmt4PPYxXblnlE5j93R9A="
    },
    "semver-store": {
      "version": "0.3.0",
      "resolved": "https://artifactory.workday.com/artifactory/api/npm/npm-virtual/semver-store/-/semver-store-0.3.0.tgz",
      "integrity": "sha1-zmAv8H3zcIDsn0+0CylXZUe+++k="
    },
    "sonic-boom": {
      "version": "0.7.6",
      "resolved": "https://artifactory.workday.com/artifactory/api/npm/npm-virtual/sonic-boom/-/sonic-boom-0.7.6.tgz",
      "integrity": "sha1-xC3234hKaj1U+npFsR5OIZaBjUU=",
      "requires": {
        "flatstr": "^1.0.12"
      }
    },
    "string_decoder": {
      "version": "1.3.0",
      "resolved": "https://artifactory.workday.com/artifactory/api/npm/npm-virtual/string_decoder/-/string_decoder-1.3.0.tgz",
      "integrity": "sha1-QvEUWUpGzxqOMLCoT1bHjD7awh4=",
      "requires": {
        "safe-buffer": "~5.2.0"
      }
    },
    "tiny-lru": {
      "version": "6.1.0",
      "resolved": "https://artifactory.workday.com/artifactory/api/npm/npm-virtual/tiny-lru/-/tiny-lru-6.1.0.tgz",
      "integrity": "sha1-8p5m41Mko4P1XrA4NPISexsv5tU="
    },
    "typescript": {
      "version": "3.6.3",
      "resolved": "https://artifactory.workday.com/artifactory/api/npm/npm-virtual/typescript/-/typescript-3.6.3.tgz",
      "integrity": "sha1-/qlC+rsg9+HKcWT/Ym8anz9wtNo="
    },
    "uri-js": {
      "version": "4.2.2",
      "resolved": "https://artifactory.workday.com/artifactory/api/npm/npm-virtual/uri-js/-/uri-js-4.2.2.tgz",
      "integrity": "sha1-lMVA4f93KVbiKZUHwBCupsiDjrA=",
      "requires": {
        "punycode": "^2.1.0"
      }
    },
    "util-deprecate": {
      "version": "1.0.2",
      "resolved": "https://artifactory.workday.com/artifactory/api/npm/npm-virtual/util-deprecate/-/util-deprecate-1.0.2.tgz",
      "integrity": "sha1-RQ1Nyfpw3nMnYvvS1KKJgUGaDM8="
    }
  }
}
